
Microsoft Visual Studio Solution File, Format Version 12.00
# Visual Studio Version 17
VisualStudioVersion = 17.14.36414.22 d17.14
MinimumVisualStudioVersion = 10.0.40219.1
Project("{FAE04EC0-301F-11D3-BF4B-00C04F79EFBC}") = "20250176_정현준_0925", "20250176_정현준_0925\20250176_정현준_0925.csproj", "{DA4A765F-DD4A-460C-A796-6E1A9133F6CE}"
EndProject
Global
	GlobalSection(SolutionConfigurationPlatforms) = preSolution
		Debug|Any CPU = Debug|Any CPU
		Release|Any CPU = Release|Any CPU
	EndGlobalSection
	GlobalSection(ProjectConfigurationPlatforms) = postSolution
		{DA4A765F-DD4A-460C-A796-6E1A9133F6CE}.Debug|Any CPU.ActiveCfg = Debug|Any CPU
		{DA4A765F-DD4A-460C-A796-6E1A9133F6CE}.Debug|Any CPU.Build.0 = Debug|Any CPU
		{DA4A765F-DD4A-460C-A796-6E1A9133F6CE}.Release|Any CPU.ActiveCfg = Release|Any CPU
		{DA4A765F-DD4A-460C-A796-6E1A9133F6CE}.Release|Any CPU.Build.0 = Release|Any CPU
	EndGlobalSection
	GlobalSection(SolutionProperties) = preSolution
		HideSolutionNode = FALSE
	EndGlobalSection
	GlobalSection(ExtensibilityGlobals) = postSolution
		SolutionGuid = {C7234B93-452E-4252-A7EB-8EFB5A9D0645}
	EndGlobalSection
EndGlobal
