
Microsoft Visual Studio Solution File, Format Version 12.00
# Visual Studio Version 17
VisualStudioVersion = 17.1.32414.318
MinimumVisualStudioVersion = 10.0.40219.1
Project("{FAE04EC0-301F-11D3-BF4B-00C04F79EFBC}") = "DateTimeFormat", "DateTimeFormat\DateTimeFormat.csproj", "{222B54C8-CA4D-4632-BEF8-38A384F99607}"
EndProject
Global
	GlobalSection(SolutionConfigurationPlatforms) = preSolution
		Debug|Any CPU = Debug|Any CPU
		Release|Any CPU = Release|Any CPU
	EndGlobalSection
	GlobalSection(ProjectConfigurationPlatforms) = postSolution
		{222B54C8-CA4D-4632-BEF8-38A384F99607}.Debug|Any CPU.ActiveCfg = Debug|Any CPU
		{222B54C8-CA4D-4632-BEF8-38A384F99607}.Debug|Any CPU.Build.0 = Debug|Any CPU
		{222B54C8-CA4D-4632-BEF8-38A384F99607}.Release|Any CPU.ActiveCfg = Release|Any CPU
		{222B54C8-CA4D-4632-BEF8-38A384F99607}.Release|Any CPU.Build.0 = Release|Any CPU
	EndGlobalSection
	GlobalSection(SolutionProperties) = preSolution
		HideSolutionNode = FALSE
	EndGlobalSection
	GlobalSection(ExtensibilityGlobals) = postSolution
		SolutionGuid = {AF72F40F-752B-44DC-89E4-F4A3C237839B}
	EndGlobalSection
EndGlobal
