
Microsoft Visual Studio Solution File, Format Version 12.00
# Visual Studio Version 17
VisualStudioVersion = 17.1.32414.318
MinimumVisualStudioVersion = 10.0.40219.1
Project("{FAE04EC0-301F-11D3-BF4B-00C04F79EFBC}") = "SwitchScore", "SwitchScore\SwitchScore.csproj", "{1C8FC360-4D66-4004-A612-23B119027BD3}"
EndProject
Global
	GlobalSection(SolutionConfigurationPlatforms) = preSolution
		Debug|Any CPU = Debug|Any CPU
		Release|Any CPU = Release|Any CPU
	EndGlobalSection
	GlobalSection(ProjectConfigurationPlatforms) = postSolution
		{1C8FC360-4D66-4004-A612-23B119027BD3}.Debug|Any CPU.ActiveCfg = Debug|Any CPU
		{1C8FC360-4D66-4004-A612-23B119027BD3}.Debug|Any CPU.Build.0 = Debug|Any CPU
		{1C8FC360-4D66-4004-A612-23B119027BD3}.Release|Any CPU.ActiveCfg = Release|Any CPU
		{1C8FC360-4D66-4004-A612-23B119027BD3}.Release|Any CPU.Build.0 = Release|Any CPU
	EndGlobalSection
	GlobalSection(SolutionProperties) = preSolution
		HideSolutionNode = FALSE
	EndGlobalSection
	GlobalSection(ExtensibilityGlobals) = postSolution
		SolutionGuid = {27733AA7-1441-440C-BC68-B2DAB3C3FE53}
	EndGlobalSection
EndGlobal
