
Microsoft Visual Studio Solution File, Format Version 12.00
# Visual Studio Version 17
VisualStudioVersion = 17.1.32414.318
MinimumVisualStudioVersion = 10.0.40219.1
Project("{FAE04EC0-301F-11D3-BF4B-00C04F79EFBC}") = "SampleProgram", "SampleProgram\SampleProgram.csproj", "{8FA75B73-D5E5-41D5-B218-F4D2F3628FA4}"
EndProject
Global
	GlobalSection(SolutionConfigurationPlatforms) = preSolution
		Debug|Any CPU = Debug|Any CPU
		Release|Any CPU = Release|Any CPU
	EndGlobalSection
	GlobalSection(ProjectConfigurationPlatforms) = postSolution
		{8FA75B73-D5E5-41D5-B218-F4D2F3628FA4}.Debug|Any CPU.ActiveCfg = Debug|Any CPU
		{8FA75B73-D5E5-41D5-B218-F4D2F3628FA4}.Debug|Any CPU.Build.0 = Debug|Any CPU
		{8FA75B73-D5E5-41D5-B218-F4D2F3628FA4}.Release|Any CPU.ActiveCfg = Release|Any CPU
		{8FA75B73-D5E5-41D5-B218-F4D2F3628FA4}.Release|Any CPU.Build.0 = Release|Any CPU
	EndGlobalSection
	GlobalSection(SolutionProperties) = preSolution
		HideSolutionNode = FALSE
	EndGlobalSection
	GlobalSection(ExtensibilityGlobals) = postSolution
		SolutionGuid = {B79CAD0C-3A4D-4293-A4EF-3476D503AB72}
	EndGlobalSection
EndGlobal
