
Microsoft Visual Studio Solution File, Format Version 12.00
# Visual Studio Version 17
VisualStudioVersion = 17.1.32414.318
MinimumVisualStudioVersion = 10.0.40219.1
Project("{FAE04EC0-301F-11D3-BF4B-00C04F79EFBC}") = "DDprogram", "DDprogram\DDprogram.csproj", "{6A767E87-F34C-44B3-A238-A246FEE0F4E7}"
EndProject
Global
	GlobalSection(SolutionConfigurationPlatforms) = preSolution
		Debug|Any CPU = Debug|Any CPU
		Release|Any CPU = Release|Any CPU
	EndGlobalSection
	GlobalSection(ProjectConfigurationPlatforms) = postSolution
		{6A767E87-F34C-44B3-A238-A246FEE0F4E7}.Debug|Any CPU.ActiveCfg = Debug|Any CPU
		{6A767E87-F34C-44B3-A238-A246FEE0F4E7}.Debug|Any CPU.Build.0 = Debug|Any CPU
		{6A767E87-F34C-44B3-A238-A246FEE0F4E7}.Release|Any CPU.ActiveCfg = Release|Any CPU
		{6A767E87-F34C-44B3-A238-A246FEE0F4E7}.Release|Any CPU.Build.0 = Release|Any CPU
	EndGlobalSection
	GlobalSection(SolutionProperties) = preSolution
		HideSolutionNode = FALSE
	EndGlobalSection
	GlobalSection(ExtensibilityGlobals) = postSolution
		SolutionGuid = {C3F3880C-7058-4BD7-88EE-CCA8F5BD2925}
	EndGlobalSection
EndGlobal
