
Microsoft Visual Studio Solution File, Format Version 12.00
# Visual Studio Version 17
VisualStudioVersion = 17.14.36429.23 d17.14
MinimumVisualStudioVersion = 10.0.40219.1
Project("{FAE04EC0-301F-11D3-BF4B-00C04F79EFBC}") = "이진탐색", "이진탐색\이진탐색.csproj", "{949F10E3-F2BD-466D-9D7C-2C25E6D77508}"
EndProject
Global
	GlobalSection(SolutionConfigurationPlatforms) = preSolution
		Debug|Any CPU = Debug|Any CPU
		Release|Any CPU = Release|Any CPU
	EndGlobalSection
	GlobalSection(ProjectConfigurationPlatforms) = postSolution
		{949F10E3-F2BD-466D-9D7C-2C25E6D77508}.Debug|Any CPU.ActiveCfg = Debug|Any CPU
		{949F10E3-F2BD-466D-9D7C-2C25E6D77508}.Debug|Any CPU.Build.0 = Debug|Any CPU
		{949F10E3-F2BD-466D-9D7C-2C25E6D77508}.Release|Any CPU.ActiveCfg = Release|Any CPU
		{949F10E3-F2BD-466D-9D7C-2C25E6D77508}.Release|Any CPU.Build.0 = Release|Any CPU
	EndGlobalSection
	GlobalSection(SolutionProperties) = preSolution
		HideSolutionNode = FALSE
	EndGlobalSection
	GlobalSection(ExtensibilityGlobals) = postSolution
		SolutionGuid = {3E882AE6-FBD5-4E3A-8DB4-8B3EFC3A7728}
	EndGlobalSection
EndGlobal
