
Microsoft Visual Studio Solution File, Format Version 12.00
# Visual Studio Version 17
VisualStudioVersion = 17.1.32414.318
MinimumVisualStudioVersion = 10.0.40219.1
Project("{FAE04EC0-301F-11D3-BF4B-00C04F79EFBC}") = "FloatDataErr", "FloatDataErr\FloatDataErr.csproj", "{DB58356A-3F60-4D24-BA80-61AD683B769B}"
EndProject
Global
	GlobalSection(SolutionConfigurationPlatforms) = preSolution
		Debug|Any CPU = Debug|Any CPU
		Release|Any CPU = Release|Any CPU
	EndGlobalSection
	GlobalSection(ProjectConfigurationPlatforms) = postSolution
		{DB58356A-3F60-4D24-BA80-61AD683B769B}.Debug|Any CPU.ActiveCfg = Debug|Any CPU
		{DB58356A-3F60-4D24-BA80-61AD683B769B}.Debug|Any CPU.Build.0 = Debug|Any CPU
		{DB58356A-3F60-4D24-BA80-61AD683B769B}.Release|Any CPU.ActiveCfg = Release|Any CPU
		{DB58356A-3F60-4D24-BA80-61AD683B769B}.Release|Any CPU.Build.0 = Release|Any CPU
	EndGlobalSection
	GlobalSection(SolutionProperties) = preSolution
		HideSolutionNode = FALSE
	EndGlobalSection
	GlobalSection(ExtensibilityGlobals) = postSolution
		SolutionGuid = {DED0416D-4417-4D4D-8CA3-0783384630C0}
	EndGlobalSection
EndGlobal
