
Microsoft Visual Studio Solution File, Format Version 12.00
# Visual Studio Version 17
VisualStudioVersion = 17.1.32414.318
MinimumVisualStudioVersion = 10.0.40219.1
Project("{FAE04EC0-301F-11D3-BF4B-00C04F79EFBC}") = "AddMethod", "AddMethod\AddMethod.csproj", "{AB4E873F-1DDB-4674-B439-A41E0AA113C0}"
EndProject
Global
	GlobalSection(SolutionConfigurationPlatforms) = preSolution
		Debug|Any CPU = Debug|Any CPU
		Release|Any CPU = Release|Any CPU
	EndGlobalSection
	GlobalSection(ProjectConfigurationPlatforms) = postSolution
		{AB4E873F-1DDB-4674-B439-A41E0AA113C0}.Debug|Any CPU.ActiveCfg = Debug|Any CPU
		{AB4E873F-1DDB-4674-B439-A41E0AA113C0}.Debug|Any CPU.Build.0 = Debug|Any CPU
		{AB4E873F-1DDB-4674-B439-A41E0AA113C0}.Release|Any CPU.ActiveCfg = Release|Any CPU
		{AB4E873F-1DDB-4674-B439-A41E0AA113C0}.Release|Any CPU.Build.0 = Release|Any CPU
	EndGlobalSection
	GlobalSection(SolutionProperties) = preSolution
		HideSolutionNode = FALSE
	EndGlobalSection
	GlobalSection(ExtensibilityGlobals) = postSolution
		SolutionGuid = {804B1789-27A8-44CE-A5AD-ABA395750C88}
	EndGlobalSection
EndGlobal
