
Microsoft Visual Studio Solution File, Format Version 12.00
# Visual Studio Version 17
VisualStudioVersion = 17.1.32414.318
MinimumVisualStudioVersion = 10.0.40219.1
Project("{FAE04EC0-301F-11D3-BF4B-00C04F79EFBC}") = "ForSum", "ForSum\ForSum.csproj", "{14104137-037F-4C28-B1DF-9480A772F9F4}"
EndProject
Global
	GlobalSection(SolutionConfigurationPlatforms) = preSolution
		Debug|Any CPU = Debug|Any CPU
		Release|Any CPU = Release|Any CPU
	EndGlobalSection
	GlobalSection(ProjectConfigurationPlatforms) = postSolution
		{14104137-037F-4C28-B1DF-9480A772F9F4}.Debug|Any CPU.ActiveCfg = Debug|Any CPU
		{14104137-037F-4C28-B1DF-9480A772F9F4}.Debug|Any CPU.Build.0 = Debug|Any CPU
		{14104137-037F-4C28-B1DF-9480A772F9F4}.Release|Any CPU.ActiveCfg = Release|Any CPU
		{14104137-037F-4C28-B1DF-9480A772F9F4}.Release|Any CPU.Build.0 = Release|Any CPU
	EndGlobalSection
	GlobalSection(SolutionProperties) = preSolution
		HideSolutionNode = FALSE
	EndGlobalSection
	GlobalSection(ExtensibilityGlobals) = postSolution
		SolutionGuid = {F04F85F5-6365-4F50-9C69-2D782BBE90D1}
	EndGlobalSection
EndGlobal
