
Microsoft Visual Studio Solution File, Format Version 12.00
# Visual Studio Version 17
VisualStudioVersion = 17.14.36429.23 d17.14
MinimumVisualStudioVersion = 10.0.40219.1
Project("{FAE04EC0-301F-11D3-BF4B-00C04F79EFBC}") = "연습장", "연습장\연습장.csproj", "{1DD2C0CE-77B3-43D2-B1C1-8F3588EDE88F}"
EndProject
Global
	GlobalSection(SolutionConfigurationPlatforms) = preSolution
		Debug|Any CPU = Debug|Any CPU
		Release|Any CPU = Release|Any CPU
	EndGlobalSection
	GlobalSection(ProjectConfigurationPlatforms) = postSolution
		{1DD2C0CE-77B3-43D2-B1C1-8F3588EDE88F}.Debug|Any CPU.ActiveCfg = Debug|Any CPU
		{1DD2C0CE-77B3-43D2-B1C1-8F3588EDE88F}.Debug|Any CPU.Build.0 = Debug|Any CPU
		{1DD2C0CE-77B3-43D2-B1C1-8F3588EDE88F}.Release|Any CPU.ActiveCfg = Release|Any CPU
		{1DD2C0CE-77B3-43D2-B1C1-8F3588EDE88F}.Release|Any CPU.Build.0 = Release|Any CPU
	EndGlobalSection
	GlobalSection(SolutionProperties) = preSolution
		HideSolutionNode = FALSE
	EndGlobalSection
	GlobalSection(ExtensibilityGlobals) = postSolution
		SolutionGuid = {45B859B2-8DE0-4F0A-B06E-900E899EB526}
	EndGlobalSection
EndGlobal
