
Microsoft Visual Studio Solution File, Format Version 12.00
# Visual Studio Version 17
VisualStudioVersion = 17.14.36414.22 d17.14
MinimumVisualStudioVersion = 10.0.40219.1
Project("{FAE04EC0-301F-11D3-BF4B-00C04F79EFBC}") = "ComboBoxItems", "ComboBoxItems\ComboBoxItems.csproj", "{107AD860-3331-45FA-B2F4-8A4D7850AE27}"
EndProject
Global
	GlobalSection(SolutionConfigurationPlatforms) = preSolution
		Debug|Any CPU = Debug|Any CPU
		Release|Any CPU = Release|Any CPU
	EndGlobalSection
	GlobalSection(ProjectConfigurationPlatforms) = postSolution
		{107AD860-3331-45FA-B2F4-8A4D7850AE27}.Debug|Any CPU.ActiveCfg = Debug|Any CPU
		{107AD860-3331-45FA-B2F4-8A4D7850AE27}.Debug|Any CPU.Build.0 = Debug|Any CPU
		{107AD860-3331-45FA-B2F4-8A4D7850AE27}.Release|Any CPU.ActiveCfg = Release|Any CPU
		{107AD860-3331-45FA-B2F4-8A4D7850AE27}.Release|Any CPU.Build.0 = Release|Any CPU
	EndGlobalSection
	GlobalSection(SolutionProperties) = preSolution
		HideSolutionNode = FALSE
	EndGlobalSection
	GlobalSection(ExtensibilityGlobals) = postSolution
		SolutionGuid = {2BE8C9F7-F7BA-432B-8634-923BE38E1FB8}
	EndGlobalSection
EndGlobal
