
Microsoft Visual Studio Solution File, Format Version 12.00
# Visual Studio Version 17
VisualStudioVersion = 17.1.32414.318
MinimumVisualStudioVersion = 10.0.40219.1
Project("{FAE04EC0-301F-11D3-BF4B-00C04F79EFBC}") = "ForGugudan", "ForGugudan\ForGugudan.csproj", "{0831DCD6-0995-42C2-A8C3-42BA7B094AF0}"
EndProject
Global
	GlobalSection(SolutionConfigurationPlatforms) = preSolution
		Debug|Any CPU = Debug|Any CPU
		Release|Any CPU = Release|Any CPU
	EndGlobalSection
	GlobalSection(ProjectConfigurationPlatforms) = postSolution
		{0831DCD6-0995-42C2-A8C3-42BA7B094AF0}.Debug|Any CPU.ActiveCfg = Debug|Any CPU
		{0831DCD6-0995-42C2-A8C3-42BA7B094AF0}.Debug|Any CPU.Build.0 = Debug|Any CPU
		{0831DCD6-0995-42C2-A8C3-42BA7B094AF0}.Release|Any CPU.ActiveCfg = Release|Any CPU
		{0831DCD6-0995-42C2-A8C3-42BA7B094AF0}.Release|Any CPU.Build.0 = Release|Any CPU
	EndGlobalSection
	GlobalSection(SolutionProperties) = preSolution
		HideSolutionNode = FALSE
	EndGlobalSection
	GlobalSection(ExtensibilityGlobals) = postSolution
		SolutionGuid = {7FE15F26-48C0-4530-83E8-34D7FAF716F0}
	EndGlobalSection
EndGlobal
