
Microsoft Visual Studio Solution File, Format Version 12.00
# Visual Studio Version 17
VisualStudioVersion = 17.14.36414.22 d17.14
MinimumVisualStudioVersion = 10.0.40219.1
Project("{FAE04EC0-301F-11D3-BF4B-00C04F79EFBC}") = "RadioButtonEvent", "RadioButtonEvent\RadioButtonEvent.csproj", "{5EFAB539-E26F-4C8F-86C4-16C95DBDDEB9}"
EndProject
Global
	GlobalSection(SolutionConfigurationPlatforms) = preSolution
		Debug|Any CPU = Debug|Any CPU
		Release|Any CPU = Release|Any CPU
	EndGlobalSection
	GlobalSection(ProjectConfigurationPlatforms) = postSolution
		{5EFAB539-E26F-4C8F-86C4-16C95DBDDEB9}.Debug|Any CPU.ActiveCfg = Debug|Any CPU
		{5EFAB539-E26F-4C8F-86C4-16C95DBDDEB9}.Debug|Any CPU.Build.0 = Debug|Any CPU
		{5EFAB539-E26F-4C8F-86C4-16C95DBDDEB9}.Release|Any CPU.ActiveCfg = Release|Any CPU
		{5EFAB539-E26F-4C8F-86C4-16C95DBDDEB9}.Release|Any CPU.Build.0 = Release|Any CPU
	EndGlobalSection
	GlobalSection(SolutionProperties) = preSolution
		HideSolutionNode = FALSE
	EndGlobalSection
	GlobalSection(ExtensibilityGlobals) = postSolution
		SolutionGuid = {FFD7201D-3285-46FA-B5EA-9665C48E5646}
	EndGlobalSection
EndGlobal
