
Microsoft Visual Studio Solution File, Format Version 12.00
# Visual Studio Version 17
VisualStudioVersion = 17.1.32414.318
MinimumVisualStudioVersion = 10.0.40219.1
Project("{FAE04EC0-301F-11D3-BF4B-00C04F79EFBC}") = "SwitchString", "SwitchString\SwitchString.csproj", "{5AEF567F-A3C4-40CB-95CD-5C5A6322CB3D}"
EndProject
Global
	GlobalSection(SolutionConfigurationPlatforms) = preSolution
		Debug|Any CPU = Debug|Any CPU
		Release|Any CPU = Release|Any CPU
	EndGlobalSection
	GlobalSection(ProjectConfigurationPlatforms) = postSolution
		{5AEF567F-A3C4-40CB-95CD-5C5A6322CB3D}.Debug|Any CPU.ActiveCfg = Debug|Any CPU
		{5AEF567F-A3C4-40CB-95CD-5C5A6322CB3D}.Debug|Any CPU.Build.0 = Debug|Any CPU
		{5AEF567F-A3C4-40CB-95CD-5C5A6322CB3D}.Release|Any CPU.ActiveCfg = Release|Any CPU
		{5AEF567F-A3C4-40CB-95CD-5C5A6322CB3D}.Release|Any CPU.Build.0 = Release|Any CPU
	EndGlobalSection
	GlobalSection(SolutionProperties) = preSolution
		HideSolutionNode = FALSE
	EndGlobalSection
	GlobalSection(ExtensibilityGlobals) = postSolution
		SolutionGuid = {5562FF2A-2594-4A8D-BCEA-5E5BC3203A35}
	EndGlobalSection
EndGlobal
