
Microsoft Visual Studio Solution File, Format Version 12.00
# Visual Studio Version 17
VisualStudioVersion = 17.1.32414.318
MinimumVisualStudioVersion = 10.0.40219.1
Project("{FAE04EC0-301F-11D3-BF4B-00C04F79EFBC}") = "StringInput", "StringInput\StringInput.csproj", "{052BD1B1-B30C-40EC-8A94-8BA37BEF8295}"
EndProject
Global
	GlobalSection(SolutionConfigurationPlatforms) = preSolution
		Debug|Any CPU = Debug|Any CPU
		Release|Any CPU = Release|Any CPU
	EndGlobalSection
	GlobalSection(ProjectConfigurationPlatforms) = postSolution
		{052BD1B1-B30C-40EC-8A94-8BA37BEF8295}.Debug|Any CPU.ActiveCfg = Debug|Any CPU
		{052BD1B1-B30C-40EC-8A94-8BA37BEF8295}.Debug|Any CPU.Build.0 = Debug|Any CPU
		{052BD1B1-B30C-40EC-8A94-8BA37BEF8295}.Release|Any CPU.ActiveCfg = Release|Any CPU
		{052BD1B1-B30C-40EC-8A94-8BA37BEF8295}.Release|Any CPU.Build.0 = Release|Any CPU
	EndGlobalSection
	GlobalSection(SolutionProperties) = preSolution
		HideSolutionNode = FALSE
	EndGlobalSection
	GlobalSection(ExtensibilityGlobals) = postSolution
		SolutionGuid = {63308BB4-98B2-45D5-947D-D16592E0FB6D}
	EndGlobalSection
EndGlobal
