
Microsoft Visual Studio Solution File, Format Version 12.00
# Visual Studio Version 17
VisualStudioVersion = 17.1.32414.318
MinimumVisualStudioVersion = 10.0.40219.1
Project("{FAE04EC0-301F-11D3-BF4B-00C04F79EFBC}") = "Constructor", "Constructor\Constructor.csproj", "{67AFFFA2-BB72-48B3-8493-5FE83446009A}"
EndProject
Global
	GlobalSection(SolutionConfigurationPlatforms) = preSolution
		Debug|Any CPU = Debug|Any CPU
		Release|Any CPU = Release|Any CPU
	EndGlobalSection
	GlobalSection(ProjectConfigurationPlatforms) = postSolution
		{67AFFFA2-BB72-48B3-8493-5FE83446009A}.Debug|Any CPU.ActiveCfg = Debug|Any CPU
		{67AFFFA2-BB72-48B3-8493-5FE83446009A}.Debug|Any CPU.Build.0 = Debug|Any CPU
		{67AFFFA2-BB72-48B3-8493-5FE83446009A}.Release|Any CPU.ActiveCfg = Release|Any CPU
		{67AFFFA2-BB72-48B3-8493-5FE83446009A}.Release|Any CPU.Build.0 = Release|Any CPU
	EndGlobalSection
	GlobalSection(SolutionProperties) = preSolution
		HideSolutionNode = FALSE
	EndGlobalSection
	GlobalSection(ExtensibilityGlobals) = postSolution
		SolutionGuid = {0B37D2D5-DE4E-42CB-89BD-276F1F65B591}
	EndGlobalSection
EndGlobal
