
Microsoft Visual Studio Solution File, Format Version 12.00
# Visual Studio Version 17
VisualStudioVersion = 17.1.32414.318
MinimumVisualStudioVersion = 10.0.40219.1
Project("{FAE04EC0-301F-11D3-BF4B-00C04F79EFBC}") = "WPF_NeonEffect", "WPF_NeonEffect\WPF_NeonEffect.csproj", "{B52DB4A0-C49E-4D9B-9F88-1B30A62A155D}"
EndProject
Global
	GlobalSection(SolutionConfigurationPlatforms) = preSolution
		Debug|Any CPU = Debug|Any CPU
		Release|Any CPU = Release|Any CPU
	EndGlobalSection
	GlobalSection(ProjectConfigurationPlatforms) = postSolution
		{B52DB4A0-C49E-4D9B-9F88-1B30A62A155D}.Debug|Any CPU.ActiveCfg = Debug|Any CPU
		{B52DB4A0-C49E-4D9B-9F88-1B30A62A155D}.Debug|Any CPU.Build.0 = Debug|Any CPU
		{B52DB4A0-C49E-4D9B-9F88-1B30A62A155D}.Release|Any CPU.ActiveCfg = Release|Any CPU
		{B52DB4A0-C49E-4D9B-9F88-1B30A62A155D}.Release|Any CPU.Build.0 = Release|Any CPU
	EndGlobalSection
	GlobalSection(SolutionProperties) = preSolution
		HideSolutionNode = FALSE
	EndGlobalSection
	GlobalSection(ExtensibilityGlobals) = postSolution
		SolutionGuid = {CB1EAD37-0218-47E3-A346-96D3EAF3401E}
	EndGlobalSection
EndGlobal
