
Microsoft Visual Studio Solution File, Format Version 12.00
# Visual Studio Version 17
VisualStudioVersion = 17.1.32414.318
MinimumVisualStudioVersion = 10.0.40219.1
Project("{FAE04EC0-301F-11D3-BF4B-00C04F79EFBC}") = "TabControlEvent", "TabControlEvent\TabControlEvent.csproj", "{14965489-4F0E-4852-A938-BFEA43D42A7C}"
EndProject
Global
	GlobalSection(SolutionConfigurationPlatforms) = preSolution
		Debug|Any CPU = Debug|Any CPU
		Release|Any CPU = Release|Any CPU
	EndGlobalSection
	GlobalSection(ProjectConfigurationPlatforms) = postSolution
		{14965489-4F0E-4852-A938-BFEA43D42A7C}.Debug|Any CPU.ActiveCfg = Debug|Any CPU
		{14965489-4F0E-4852-A938-BFEA43D42A7C}.Debug|Any CPU.Build.0 = Debug|Any CPU
		{14965489-4F0E-4852-A938-BFEA43D42A7C}.Release|Any CPU.ActiveCfg = Release|Any CPU
		{14965489-4F0E-4852-A938-BFEA43D42A7C}.Release|Any CPU.Build.0 = Release|Any CPU
	EndGlobalSection
	GlobalSection(SolutionProperties) = preSolution
		HideSolutionNode = FALSE
	EndGlobalSection
	GlobalSection(ExtensibilityGlobals) = postSolution
		SolutionGuid = {FD3A4F7C-696C-44B8-BAE3-9FBF7AAD39D3}
	EndGlobalSection
EndGlobal
