
Microsoft Visual Studio Solution File, Format Version 12.00
# Visual Studio Version 17
VisualStudioVersion = 17.14.36414.22 d17.14
MinimumVisualStudioVersion = 10.0.40219.1
Project("{FAE04EC0-301F-11D3-BF4B-00C04F79EFBC}") = "ConsoleApp1", "ConsoleApp1\ConsoleApp1.csproj", "{598D20FC-8696-421F-A3ED-3729ED554AE1}"
EndProject
Global
	GlobalSection(SolutionConfigurationPlatforms) = preSolution
		Debug|Any CPU = Debug|Any CPU
		Release|Any CPU = Release|Any CPU
	EndGlobalSection
	GlobalSection(ProjectConfigurationPlatforms) = postSolution
		{598D20FC-8696-421F-A3ED-3729ED554AE1}.Debug|Any CPU.ActiveCfg = Debug|Any CPU
		{598D20FC-8696-421F-A3ED-3729ED554AE1}.Debug|Any CPU.Build.0 = Debug|Any CPU
		{598D20FC-8696-421F-A3ED-3729ED554AE1}.Release|Any CPU.ActiveCfg = Release|Any CPU
		{598D20FC-8696-421F-A3ED-3729ED554AE1}.Release|Any CPU.Build.0 = Release|Any CPU
	EndGlobalSection
	GlobalSection(SolutionProperties) = preSolution
		HideSolutionNode = FALSE
	EndGlobalSection
	GlobalSection(ExtensibilityGlobals) = postSolution
		SolutionGuid = {08F0B98A-9CB9-437A-AB7D-17C532D38DD3}
	EndGlobalSection
EndGlobal
