
Microsoft Visual Studio Solution File, Format Version 12.00
# Visual Studio Version 17
VisualStudioVersion = 17.14.36414.22 d17.14
MinimumVisualStudioVersion = 10.0.40219.1
Project("{FAE04EC0-301F-11D3-BF4B-00C04F79EFBC}") = "FirstFormApp", "FirstFormApp\FirstFormApp.csproj", "{0630A3E4-08E8-412A-80C1-177B52535432}"
EndProject
Global
	GlobalSection(SolutionConfigurationPlatforms) = preSolution
		Debug|Any CPU = Debug|Any CPU
		Release|Any CPU = Release|Any CPU
	EndGlobalSection
	GlobalSection(ProjectConfigurationPlatforms) = postSolution
		{0630A3E4-08E8-412A-80C1-177B52535432}.Debug|Any CPU.ActiveCfg = Debug|Any CPU
		{0630A3E4-08E8-412A-80C1-177B52535432}.Debug|Any CPU.Build.0 = Debug|Any CPU
		{0630A3E4-08E8-412A-80C1-177B52535432}.Release|Any CPU.ActiveCfg = Release|Any CPU
		{0630A3E4-08E8-412A-80C1-177B52535432}.Release|Any CPU.Build.0 = Release|Any CPU
	EndGlobalSection
	GlobalSection(SolutionProperties) = preSolution
		HideSolutionNode = FALSE
	EndGlobalSection
	GlobalSection(ExtensibilityGlobals) = postSolution
		SolutionGuid = {C0B96296-C992-4974-AEFC-7E3E278267E9}
	EndGlobalSection
EndGlobal
