
Microsoft Visual Studio Solution File, Format Version 12.00
# Visual Studio Version 17
VisualStudioVersion = 17.14.36414.22 d17.14
MinimumVisualStudioVersion = 10.0.40219.1
Project("{FAE04EC0-301F-11D3-BF4B-00C04F79EFBC}") = "LoginForm", "LoginForm\LoginForm.csproj", "{51E6638E-A474-4CAF-8F7F-51402B3F3B4D}"
EndProject
Global
	GlobalSection(SolutionConfigurationPlatforms) = preSolution
		Debug|Any CPU = Debug|Any CPU
		Release|Any CPU = Release|Any CPU
	EndGlobalSection
	GlobalSection(ProjectConfigurationPlatforms) = postSolution
		{51E6638E-A474-4CAF-8F7F-51402B3F3B4D}.Debug|Any CPU.ActiveCfg = Debug|Any CPU
		{51E6638E-A474-4CAF-8F7F-51402B3F3B4D}.Debug|Any CPU.Build.0 = Debug|Any CPU
		{51E6638E-A474-4CAF-8F7F-51402B3F3B4D}.Release|Any CPU.ActiveCfg = Release|Any CPU
		{51E6638E-A474-4CAF-8F7F-51402B3F3B4D}.Release|Any CPU.Build.0 = Release|Any CPU
	EndGlobalSection
	GlobalSection(SolutionProperties) = preSolution
		HideSolutionNode = FALSE
	EndGlobalSection
	GlobalSection(ExtensibilityGlobals) = postSolution
		SolutionGuid = {270F3093-3F3D-4949-9062-5919A5C0484F}
	EndGlobalSection
EndGlobal
