
Microsoft Visual Studio Solution File, Format Version 12.00
# Visual Studio Version 17
VisualStudioVersion = 17.14.36414.22 d17.14
MinimumVisualStudioVersion = 10.0.40219.1
Project("{FAE04EC0-301F-11D3-BF4B-00C04F79EFBC}") = "3차시] 조건문 과제(0919)", "3차시] 조건문 과제(0919)\3차시] 조건문 과제(0919).csproj", "{F4848014-2DCB-43BF-B34B-7BE0EA8063E5}"
EndProject
Global
	GlobalSection(SolutionConfigurationPlatforms) = preSolution
		Debug|Any CPU = Debug|Any CPU
		Release|Any CPU = Release|Any CPU
	EndGlobalSection
	GlobalSection(ProjectConfigurationPlatforms) = postSolution
		{F4848014-2DCB-43BF-B34B-7BE0EA8063E5}.Debug|Any CPU.ActiveCfg = Debug|Any CPU
		{F4848014-2DCB-43BF-B34B-7BE0EA8063E5}.Debug|Any CPU.Build.0 = Debug|Any CPU
		{F4848014-2DCB-43BF-B34B-7BE0EA8063E5}.Release|Any CPU.ActiveCfg = Release|Any CPU
		{F4848014-2DCB-43BF-B34B-7BE0EA8063E5}.Release|Any CPU.Build.0 = Release|Any CPU
	EndGlobalSection
	GlobalSection(SolutionProperties) = preSolution
		HideSolutionNode = FALSE
	EndGlobalSection
	GlobalSection(ExtensibilityGlobals) = postSolution
		SolutionGuid = {F825D051-D918-48EB-91F8-EEE9548531BE}
	EndGlobalSection
EndGlobal
