
Microsoft Visual Studio Solution File, Format Version 12.00
# Visual Studio Version 17
VisualStudioVersion = 17.1.32414.318
MinimumVisualStudioVersion = 10.0.40219.1
Project("{FAE04EC0-301F-11D3-BF4B-00C04F79EFBC}") = "MathBasic", "MathBasic\MathBasic.csproj", "{7639CD1A-62A2-43CB-884A-5B8B5A15A552}"
EndProject
Global
	GlobalSection(SolutionConfigurationPlatforms) = preSolution
		Debug|Any CPU = Debug|Any CPU
		Release|Any CPU = Release|Any CPU
	EndGlobalSection
	GlobalSection(ProjectConfigurationPlatforms) = postSolution
		{7639CD1A-62A2-43CB-884A-5B8B5A15A552}.Debug|Any CPU.ActiveCfg = Debug|Any CPU
		{7639CD1A-62A2-43CB-884A-5B8B5A15A552}.Debug|Any CPU.Build.0 = Debug|Any CPU
		{7639CD1A-62A2-43CB-884A-5B8B5A15A552}.Release|Any CPU.ActiveCfg = Release|Any CPU
		{7639CD1A-62A2-43CB-884A-5B8B5A15A552}.Release|Any CPU.Build.0 = Release|Any CPU
	EndGlobalSection
	GlobalSection(SolutionProperties) = preSolution
		HideSolutionNode = FALSE
	EndGlobalSection
	GlobalSection(ExtensibilityGlobals) = postSolution
		SolutionGuid = {1BC4CE40-A34B-4B08-9300-F853A959DCFD}
	EndGlobalSection
EndGlobal
