
Microsoft Visual Studio Solution File, Format Version 12.00
# Visual Studio Version 17
VisualStudioVersion = 17.1.32414.318
MinimumVisualStudioVersion = 10.0.40219.1
Project("{FAE04EC0-301F-11D3-BF4B-00C04F79EFBC}") = "MessageBoxShow", "MessageBoxShow\MessageBoxShow.csproj", "{58579304-4F22-409D-8A59-381F9FE66DE6}"
EndProject
Global
	GlobalSection(SolutionConfigurationPlatforms) = preSolution
		Debug|Any CPU = Debug|Any CPU
		Release|Any CPU = Release|Any CPU
	EndGlobalSection
	GlobalSection(ProjectConfigurationPlatforms) = postSolution
		{58579304-4F22-409D-8A59-381F9FE66DE6}.Debug|Any CPU.ActiveCfg = Debug|Any CPU
		{58579304-4F22-409D-8A59-381F9FE66DE6}.Debug|Any CPU.Build.0 = Debug|Any CPU
		{58579304-4F22-409D-8A59-381F9FE66DE6}.Release|Any CPU.ActiveCfg = Release|Any CPU
		{58579304-4F22-409D-8A59-381F9FE66DE6}.Release|Any CPU.Build.0 = Release|Any CPU
	EndGlobalSection
	GlobalSection(SolutionProperties) = preSolution
		HideSolutionNode = FALSE
	EndGlobalSection
	GlobalSection(ExtensibilityGlobals) = postSolution
		SolutionGuid = {7A312D3D-79EE-43EB-AF9F-84422131077E}
	EndGlobalSection
EndGlobal
