
Microsoft Visual Studio Solution File, Format Version 12.00
# Visual Studio Version 17
VisualStudioVersion = 17.1.32414.318
MinimumVisualStudioVersion = 10.0.40219.1
Project("{FAE04EC0-301F-11D3-BF4B-00C04F79EFBC}") = "DoWhile", "DoWhile\DoWhile.csproj", "{B1786AB5-CB13-45CD-A23A-82CF4C0BC2E4}"
EndProject
Global
	GlobalSection(SolutionConfigurationPlatforms) = preSolution
		Debug|Any CPU = Debug|Any CPU
		Release|Any CPU = Release|Any CPU
	EndGlobalSection
	GlobalSection(ProjectConfigurationPlatforms) = postSolution
		{B1786AB5-CB13-45CD-A23A-82CF4C0BC2E4}.Debug|Any CPU.ActiveCfg = Debug|Any CPU
		{B1786AB5-CB13-45CD-A23A-82CF4C0BC2E4}.Debug|Any CPU.Build.0 = Debug|Any CPU
		{B1786AB5-CB13-45CD-A23A-82CF4C0BC2E4}.Release|Any CPU.ActiveCfg = Release|Any CPU
		{B1786AB5-CB13-45CD-A23A-82CF4C0BC2E4}.Release|Any CPU.Build.0 = Release|Any CPU
	EndGlobalSection
	GlobalSection(SolutionProperties) = preSolution
		HideSolutionNode = FALSE
	EndGlobalSection
	GlobalSection(ExtensibilityGlobals) = postSolution
		SolutionGuid = {25780E62-8B76-4B6F-A03E-9FB37FBF38A8}
	EndGlobalSection
EndGlobal
