
Microsoft Visual Studio Solution File, Format Version 12.00
# Visual Studio Version 17
VisualStudioVersion = 17.1.32414.318
MinimumVisualStudioVersion = 10.0.40219.1
Project("{FAE04EC0-301F-11D3-BF4B-00C04F79EFBC}") = "DepartmentChoice", "DepartmentChoice\DepartmentChoice.csproj", "{B7C3D121-A80E-43FE-A522-1DB168B07541}"
EndProject
Global
	GlobalSection(SolutionConfigurationPlatforms) = preSolution
		Debug|Any CPU = Debug|Any CPU
		Release|Any CPU = Release|Any CPU
	EndGlobalSection
	GlobalSection(ProjectConfigurationPlatforms) = postSolution
		{B7C3D121-A80E-43FE-A522-1DB168B07541}.Debug|Any CPU.ActiveCfg = Debug|Any CPU
		{B7C3D121-A80E-43FE-A522-1DB168B07541}.Debug|Any CPU.Build.0 = Debug|Any CPU
		{B7C3D121-A80E-43FE-A522-1DB168B07541}.Release|Any CPU.ActiveCfg = Release|Any CPU
		{B7C3D121-A80E-43FE-A522-1DB168B07541}.Release|Any CPU.Build.0 = Release|Any CPU
	EndGlobalSection
	GlobalSection(SolutionProperties) = preSolution
		HideSolutionNode = FALSE
	EndGlobalSection
	GlobalSection(ExtensibilityGlobals) = postSolution
		SolutionGuid = {F3C38A40-C141-4E64-83C1-7DEB100F8A60}
	EndGlobalSection
EndGlobal
